
Microsoft Visual Studio Solution File, Format Version 11.00
# Visual Studio 2010
Project("{FAE04EC0-301F-11D3-BF4B-00C04F79EFBC}") = "ShaderSample", "ShaderSample\ShaderSample.csproj", "{0D285733-D534-4974-83BE-5AB12F2C1429}"
EndProject
Global
	GlobalSection(SolutionConfigurationPlatforms) = preSolution
		Debug|Any CPU = Debug|Any CPU
		Release|Any CPU = Release|Any CPU
	EndGlobalSection
	GlobalSection(ProjectConfigurationPlatforms) = postSolution
		{0D285733-D534-4974-83BE-5AB12F2C1429}.Debug|Any CPU.ActiveCfg = Debug|Any CPU
		{0D285733-D534-4974-83BE-5AB12F2C1429}.Debug|Any CPU.Build.0 = Debug|Any CPU
		{0D285733-D534-4974-83BE-5AB12F2C1429}.Release|Any CPU.ActiveCfg = Release|Any CPU
		{0D285733-D534-4974-83BE-5AB12F2C1429}.Release|Any CPU.Build.0 = Release|Any CPU
	EndGlobalSection
	GlobalSection(MonoDevelopProperties) = preSolution
		StartupItem = ShaderSample\ShaderSample.csproj
	EndGlobalSection
EndGlobal
